
Microsoft Visual Studio Solution File, Format Version 12.00
# Visual Studio 15
VisualStudioVersion = 15.0.27130.2027
MinimumVisualStudioVersion = 10.0.40219.1
Project("{9A19103F-16F7-4668-BE54-9A1E7A4F7556}") = "RoverBR1.ConsoleApp", "RoverBR1.ConsoleApp\RoverBR1.ConsoleApp.csproj", "{CAA891AA-1E80-44EE-9057-218E48EB993C}"
EndProject
Project("{9A19103F-16F7-4668-BE54-9A1E7A4F7556}") = "RoverBR1", "RoverBR1\RoverBR1.csproj", "{A6BF13C3-3560-4D96-9C80-058DA5A24A99}"
EndProject
Project("{FAE04EC0-301F-11D3-BF4B-00C04F79EFBC}") = "RoverBR1.Tests", "RoverBR1.Tests\RoverBR1.Tests.csproj", "{997C3FA3-D0B3-43E9-88E7-D89807700301}"
EndProject
Global
	GlobalSection(SolutionConfigurationPlatforms) = preSolution
		Debug|Any CPU = Debug|Any CPU
		Release|Any CPU = Release|Any CPU
	EndGlobalSection
	GlobalSection(ProjectConfigurationPlatforms) = postSolution
		{CAA891AA-1E80-44EE-9057-218E48EB993C}.Debug|Any CPU.ActiveCfg = Debug|Any CPU
		{CAA891AA-1E80-44EE-9057-218E48EB993C}.Debug|Any CPU.Build.0 = Debug|Any CPU
		{CAA891AA-1E80-44EE-9057-218E48EB993C}.Release|Any CPU.ActiveCfg = Release|Any CPU
		{CAA891AA-1E80-44EE-9057-218E48EB993C}.Release|Any CPU.Build.0 = Release|Any CPU
		{A6BF13C3-3560-4D96-9C80-058DA5A24A99}.Debug|Any CPU.ActiveCfg = Debug|Any CPU
		{A6BF13C3-3560-4D96-9C80-058DA5A24A99}.Debug|Any CPU.Build.0 = Debug|Any CPU
		{A6BF13C3-3560-4D96-9C80-058DA5A24A99}.Release|Any CPU.ActiveCfg = Release|Any CPU
		{A6BF13C3-3560-4D96-9C80-058DA5A24A99}.Release|Any CPU.Build.0 = Release|Any CPU
		{997C3FA3-D0B3-43E9-88E7-D89807700301}.Debug|Any CPU.ActiveCfg = Debug|Any CPU
		{997C3FA3-D0B3-43E9-88E7-D89807700301}.Debug|Any CPU.Build.0 = Debug|Any CPU
		{997C3FA3-D0B3-43E9-88E7-D89807700301}.Release|Any CPU.ActiveCfg = Release|Any CPU
		{997C3FA3-D0B3-43E9-88E7-D89807700301}.Release|Any CPU.Build.0 = Release|Any CPU
	EndGlobalSection
	GlobalSection(SolutionProperties) = preSolution
		HideSolutionNode = FALSE
	EndGlobalSection
	GlobalSection(ExtensibilityGlobals) = postSolution
		SolutionGuid = {F2BF1A4E-786D-461F-89A3-B646850DB086}
	EndGlobalSection
EndGlobal
